github.com/davecgh/go-spew v1.1.2-0.20180830191138-d8f796af33cc h1:U9qPSI2PIWSS1VwoXQT9A3Wy9MM3WgvqSxFWenqJduM=
github.com/google/uuid v1.6.0 h1:NIvaJDMOsjHA8n1jAhLSgzrAzy1Hgr+hNrb57e+94F0=
github.com/google/uuid v1.6.0/go.mod h1:TIyPZe4MgqvfeYDBFedMoGGpEw/LqOeaOT+nhxU+yHo=
github.com/gopi-frame/contract v0.0.0-20240613094508-fb7be4625ee1 h1:o+tjOx9KU9kAj2sRkRhAH3lesEakMdHntZTO119C3C0=
github.com/gopi-frame/contract v0.0.0-20240613094508-fb7be4625ee1/go.mod h1:/eezR+L2U3yjKXy2h74bLwssDG3KwdJwcq0Jrs38VCc=
github.com/gopi-frame/exception v0.0.0-20240517030638-8d9d2c8deff7 h1:BJckikKgUfYl6OEpEtpOCPfUimEw0pIEUATU6sGHF1Q=
github.com/gopi-frame/exception v0.0.0-20240517030638-8d9d2c8deff7/go.mod h1:Ic9Uq9ad58EYrjImUPE2wTfn2tcK+9X7Gtp/YVPradg=
github.com/gopi-frame/future v0.0.0-20240517035507-5af5a2f786bd h1:ee1kiK08rnXgokeIwzwO4hLzGsFKgysQ7bt+eICKSsY=
github.com/gopi-frame/future v0.0.0-20240517035507-5af5a2f786bd/go.mod h1:VDMPrEmYC1yj8k8MpAZRj0wiQ2Leqpim8m443zKxjo4=
github.com/gopi-frame/queue v0.0.0-20240619083350-23092dd84aa9 h1:TmfWT0uR4IjlNIia13GKycJ5Zgk6uKEzNtnoIyVC5dU=
github.com/gopi-frame/queue v0.0.0-20240619083350-23092dd84aa9/go.mod h1:r46K9+RjKqWgh+5jAyCrVZYS6PB2/+72mMQ4a88vEm4=
github.com/gopi-frame/support v0.0.0-20240517053805-13225ed75176 h1:1Aa3BVw2U+L5E1e7Plh1f+2FVPf2ZnybzAD+1R9EWL0=
github.com/gopi-frame/support v0.0.0-20240517053805-13225ed75176/go.mod h1:ZZmOwn+TIzmTncdUAGDdICzAeEE16uLsyaB/cR01x9g=
github.com/jinzhu/inflection v1.0.0 h1:K317FqzuhWc8YvSVlFMCCUb36O/S9MCKRDI7QkRKD/E=
github.com/jinzhu/inflection v1.0.0/go.mod h1:h+uFLlag+Qp1Va5pdKtLDYj+kHp5pxUVkryuEj+Srlc=
github.com/jinzhu/now v1.1.5 h1:/o9tlHleP7gOFmsnYNz3RGnqzefHA47wQpKrrdTIwXQ=
github.com/jinzhu/now v1.1.5/go.mod h1:d3SSVoowX0Lcu0IBviAWJpolVfI5UJVZZ7cO71lE/z8=
github.com/pmezard/go-difflib v1.0.1-0.20181226105442-5d4384ee4fb2 h1:Jamvg5psRIccs7FGNTlIRMkT8wgtp5eCXdBlqhYGL6U=
github.com/stretchr/testify v1.9.0 h1:HtqpIVDClZ4nwg75+f6Lvsy/wHu+3BoSGCbBAcpTsTg=
github.com/stretchr/testify v1.9.0/go.mod h1:r2ic/lqez/lEtzL7wO/rwa5dbSLXVDPFyf8C91i36aY=
gopkg.in/yaml.v3 v3.0.1 h1:fxVm/GzAzEWqLHuvctI91KS9hhNmmWOoWu0XTYJS7CA=
gopkg.in/yaml.v3 v3.0.1/go.mod h1:K4uyk7z7BCEPqu6E+C64Yfv1cQ7kz7rIZviUmN+EgEM=
gorm.io/gorm v1.25.10 h1:dQpO+33KalOA+aFYGlK+EfxcI5MbO7EP2yYygwh9h+s=
